// !$*UTF8*$!
{
	archiveVersion = 1;
	classes = {
	};
	objectVersion = 46;
	objects = {

/* Begin PBXBuildFile section */
		573E82B51D451E210057C54B /* AppDelegate.swift in Sources */ = {isa = PBXBuildFile; fileRef = 573E82AA1D451E210057C54B /* AppDelegate.swift */; };
		573E82B61D451E210057C54B /* Assets.xcassets in Resources */ = {isa = PBXBuildFile; fileRef = 573E82AB1D451E210057C54B /* Assets.xcassets */; };
		573E82B71D451E210057C54B /* MainViewController.swift in Sources */ = {isa = PBXBuildFile; fileRef = 573E82AC1D451E210057C54B /* MainViewController.swift */; };
		573E82B81D451E210057C54B /* BlogTableViewController.swift in Sources */ = {isa = PBXBuildFile; fileRef = 573E82AD1D451E210057C54B /* BlogTableViewController.swift */; };
		573E82B91D451E210057C54B /* PresentedViewController.swift in Sources */ = {isa = PBXBuildFile; fileRef = 573E82AE1D451E210057C54B /* PresentedViewController.swift */; };
		573E82BA1D451E210057C54B /* Main.storyboard in Resources */ = {isa = PBXBuildFile; fileRef = 573E82AF1D451E210057C54B /* Main.storyboard */; };
		573E82BB1D451E210057C54B /* SideMenuTableView.swift in Sources */ = {isa = PBXBuildFile; fileRef = 573E82B01D451E210057C54B /* SideMenuTableView.swift */; };
		573E82BC1D451E210057C54B /* BlogTableViewCellContent.swift in Sources */ = {isa = PBXBuildFile; fileRef = 573E82B11D451E210057C54B /* BlogTableViewCellContent.swift */; };
		573E82BD1D451E210057C54B /* BlogTableViewCellContent.xib in Resources */ = {isa = PBXBuildFile; fileRef = 573E82B21D451E210057C54B /* BlogTableViewCellContent.xib */; };
		573E82BE1D451E210057C54B /* APPImages.swift in Sources */ = {isa = PBXBuildFile; fileRef = 573E82B31D451E210057C54B /* APPImages.swift */; };
		573E82BF1D451E210057C54B /* AuthViewController.swift in Sources */ = {isa = PBXBuildFile; fileRef = 573E82B41D451E210057C54B /* AuthViewController.swift */; };
		573E82D31D451E6C0057C54B /* Roboto-Black.ttf in Resources */ = {isa = PBXBuildFile; fileRef = 573E82C01D451E6C0057C54B /* Roboto-Black.ttf */; };
		573E82D41D451E6C0057C54B /* Roboto-BlackItalic.ttf in Resources */ = {isa = PBXBuildFile; fileRef = 573E82C11D451E6C0057C54B /* Roboto-BlackItalic.ttf */; };
		573E82D51D451E6C0057C54B /* Roboto-Bold.ttf in Resources */ = {isa = PBXBuildFile; fileRef = 573E82C21D451E6C0057C54B /* Roboto-Bold.ttf */; };
		573E82D61D451E6C0057C54B /* Roboto-BoldItalic.ttf in Resources */ = {isa = PBXBuildFile; fileRef = 573E82C31D451E6C0057C54B /* Roboto-BoldItalic.ttf */; };
		573E82D71D451E6C0057C54B /* Roboto-Italic.ttf in Resources */ = {isa = PBXBuildFile; fileRef = 573E82C41D451E6C0057C54B /* Roboto-Italic.ttf */; };
		573E82D81D451E6C0057C54B /* Roboto-Light.ttf in Resources */ = {isa = PBXBuildFile; fileRef = 573E82C51D451E6C0057C54B /* Roboto-Light.ttf */; };
		573E82D91D451E6C0057C54B /* Roboto-LightItalic.ttf in Resources */ = {isa = PBXBuildFile; fileRef = 573E82C61D451E6C0057C54B /* Roboto-LightItalic.ttf */; };
		573E82DA1D451E6C0057C54B /* Roboto-Medium.ttf in Resources */ = {isa = PBXBuildFile; fileRef = 573E82C71D451E6C0057C54B /* Roboto-Medium.ttf */; };
		573E82DB1D451E6C0057C54B /* Roboto-MediumItalic.ttf in Resources */ = {isa = PBXBuildFile; fileRef = 573E82C81D451E6C0057C54B /* Roboto-MediumItalic.ttf */; };
		573E82DC1D451E6C0057C54B /* Roboto-Regular.ttf in Resources */ = {isa = PBXBuildFile; fileRef = 573E82C91D451E6C0057C54B /* Roboto-Regular.ttf */; };
		573E82DD1D451E6C0057C54B /* Roboto-Thin.ttf in Resources */ = {isa = PBXBuildFile; fileRef = 573E82CA1D451E6C0057C54B /* Roboto-Thin.ttf */; };
		573E82DE1D451E6C0057C54B /* Roboto-ThinItalic.ttf in Resources */ = {isa = PBXBuildFile; fileRef = 573E82CB1D451E6C0057C54B /* Roboto-ThinItalic.ttf */; };
		573E82DF1D451E6C0057C54B /* RobotoCondensed-Bold.ttf in Resources */ = {isa = PBXBuildFile; fileRef = 573E82CC1D451E6C0057C54B /* RobotoCondensed-Bold.ttf */; };
		573E82E01D451E6C0057C54B /* RobotoCondensed-BoldItalic.ttf in Resources */ = {isa = PBXBuildFile; fileRef = 573E82CD1D451E6C0057C54B /* RobotoCondensed-BoldItalic.ttf */; };
		573E82E11D451E6C0057C54B /* RobotoCondensed-Italic.ttf in Resources */ = {isa = PBXBuildFile; fileRef = 573E82CE1D451E6C0057C54B /* RobotoCondensed-Italic.ttf */; };
		573E82E21D451E6C0057C54B /* RobotoCondensed-Light.ttf in Resources */ = {isa = PBXBuildFile; fileRef = 573E82CF1D451E6C0057C54B /* RobotoCondensed-Light.ttf */; };
		573E82E31D451E6C0057C54B /* RobotoCondensed-LightItalic.ttf in Resources */ = {isa = PBXBuildFile; fileRef = 573E82D01D451E6C0057C54B /* RobotoCondensed-LightItalic.ttf */; };
		573E82E41D451E6C0057C54B /* RobotoCondensed-Regular.ttf in Resources */ = {isa = PBXBuildFile; fileRef = 573E82D11D451E6C0057C54B /* RobotoCondensed-Regular.ttf */; };
		5771B0DF1D452EE70073691E /* Launch Screen.storyboard in Resources */ = {isa = PBXBuildFile; fileRef = 5771B0DE1D452EE70073691E /* Launch Screen.storyboard */; };
		57F6C4F61D454E2A002F0A92 /* GoogleService-Info.plist in Resources */ = {isa = PBXBuildFile; fileRef = 57F6C4F51D454E2A002F0A92 /* GoogleService-Info.plist */; };
		C8E5B36E789319EDC6238E2A /* Pods_Tardis.framework in Frameworks */ = {isa = PBXBuildFile; fileRef = FD1BE9DCA26AAAEA221CAF57 /* Pods_Tardis.framework */; };
/* End PBXBuildFile section */

/* Begin PBXFileReference section */
		146F7BA9E3D633E76DC3D068 /* Pods-Tardis.release.xcconfig */ = {isa = PBXFileReference; includeInIndex = 1; lastKnownFileType = text.xcconfig; name = "Pods-Tardis.release.xcconfig"; path = "Pods/Target Support Files/Pods-Tardis/Pods-Tardis.release.xcconfig"; sourceTree = "<group>"; };
		573E82951D451DD80057C54B /* Tardis.app */ = {isa = PBXFileReference; explicitFileType = wrapper.application; includeInIndex = 0; path = Tardis.app; sourceTree = BUILT_PRODUCTS_DIR; };
		573E82A41D451DD80057C54B /* Info.plist */ = {isa = PBXFileReference; lastKnownFileType = text.plist.xml; path = Info.plist; sourceTree = "<group>"; };
		573E82AA1D451E210057C54B /* AppDelegate.swift */ = {isa = PBXFileReference; fileEncoding = 4; lastKnownFileType = sourcecode.swift; path = AppDelegate.swift; sourceTree = "<group>"; };
		573E82AB1D451E210057C54B /* Assets.xcassets */ = {isa = PBXFileReference; lastKnownFileType = folder.assetcatalog; path = Assets.xcassets; sourceTree = "<group>"; };
		573E82AC1D451E210057C54B /* MainViewController.swift */ = {isa = PBXFileReference; fileEncoding = 4; lastKnownFileType = sourcecode.swift; path = MainViewController.swift; sourceTree = "<group>"; };
		573E82AD1D451E210057C54B /* BlogTableViewController.swift */ = {isa = PBXFileReference; fileEncoding = 4; lastKnownFileType = sourcecode.swift; path = BlogTableViewController.swift; sourceTree = "<group>"; };
		573E82AE1D451E210057C54B /* PresentedViewController.swift */ = {isa = PBXFileReference; fileEncoding = 4; lastKnownFileType = sourcecode.swift; path = PresentedViewController.swift; sourceTree = "<group>"; };
		573E82AF1D451E210057C54B /* Main.storyboard */ = {isa = PBXFileReference; fileEncoding = 4; lastKnownFileType = file.storyboard; path = Main.storyboard; sourceTree = "<group>"; };
		573E82B01D451E210057C54B /* SideMenuTableView.swift */ = {isa = PBXFileReference; fileEncoding = 4; lastKnownFileType = sourcecode.swift; path = SideMenuTableView.swift; sourceTree = "<group>"; };
		573E82B11D451E210057C54B /* BlogTableViewCellContent.swift */ = {isa = PBXFileReference; fileEncoding = 4; lastKnownFileType = sourcecode.swift; path = BlogTableViewCellContent.swift; sourceTree = "<group>"; };
		573E82B21D451E210057C54B /* BlogTableViewCellContent.xib */ = {isa = PBXFileReference; fileEncoding = 4; lastKnownFileType = file.xib; path = BlogTableViewCellContent.xib; sourceTree = "<group>"; };
		573E82B31D451E210057C54B /* APPImages.swift */ = {isa = PBXFileReference; fileEncoding = 4; lastKnownFileType = sourcecode.swift; path = APPImages.swift; sourceTree = "<group>"; };
		573E82B41D451E210057C54B /* AuthViewController.swift */ = {isa = PBXFileReference; fileEncoding = 4; lastKnownFileType = sourcecode.swift; path = AuthViewController.swift; sourceTree = "<group>"; };
		573E82C01D451E6C0057C54B /* Roboto-Black.ttf */ = {isa = PBXFileReference; lastKnownFileType = file; path = "Roboto-Black.ttf"; sourceTree = "<group>"; };
		573E82C11D451E6C0057C54B /* Roboto-BlackItalic.ttf */ = {isa = PBXFileReference; lastKnownFileType = file; path = "Roboto-BlackItalic.ttf"; sourceTree = "<group>"; };
		573E82C21D451E6C0057C54B /* Roboto-Bold.ttf */ = {isa = PBXFileReference; lastKnownFileType = file; path = "Roboto-Bold.ttf"; sourceTree = "<group>"; };
		573E82C31D451E6C0057C54B /* Roboto-BoldItalic.ttf */ = {isa = PBXFileReference; lastKnownFileType = file; path = "Roboto-BoldItalic.ttf"; sourceTree = "<group>"; };
		573E82C41D451E6C0057C54B /* Roboto-Italic.ttf */ = {isa = PBXFileReference; lastKnownFileType = file; path = "Roboto-Italic.ttf"; sourceTree = "<group>"; };
		573E82C51D451E6C0057C54B /* Roboto-Light.ttf */ = {isa = PBXFileReference; lastKnownFileType = file; path = "Roboto-Light.ttf"; sourceTree = "<group>"; };
		573E82C61D451E6C0057C54B /* Roboto-LightItalic.ttf */ = {isa = PBXFileReference; lastKnownFileType = file; path = "Roboto-LightItalic.ttf"; sourceTree = "<group>"; };
		573E82C71D451E6C0057C54B /* Roboto-Medium.ttf */ = {isa = PBXFileReference; lastKnownFileType = file; path = "Roboto-Medium.ttf"; sourceTree = "<group>"; };
		573E82C81D451E6C0057C54B /* Roboto-MediumItalic.ttf */ = {isa = PBXFileReference; lastKnownFileType = file; path = "Roboto-MediumItalic.ttf"; sourceTree = "<group>"; };
		573E82C91D451E6C0057C54B /* Roboto-Regular.ttf */ = {isa = PBXFileReference; lastKnownFileType = file; path = "Roboto-Regular.ttf"; sourceTree = "<group>"; };
		573E82CA1D451E6C0057C54B /* Roboto-Thin.ttf */ = {isa = PBXFileReference; lastKnownFileType = file; path = "Roboto-Thin.ttf"; sourceTree = "<group>"; };
		573E82CB1D451E6C0057C54B /* Roboto-ThinItalic.ttf */ = {isa = PBXFileReference; lastKnownFileType = file; path = "Roboto-ThinItalic.ttf"; sourceTree = "<group>"; };
		573E82CC1D451E6C0057C54B /* RobotoCondensed-Bold.ttf */ = {isa = PBXFileReference; lastKnownFileType = file; path = "RobotoCondensed-Bold.ttf"; sourceTree = "<group>"; };
		573E82CD1D451E6C0057C54B /* RobotoCondensed-BoldItalic.ttf */ = {isa = PBXFileReference; lastKnownFileType = file; path = "RobotoCondensed-BoldItalic.ttf"; sourceTree = "<group>"; };
		573E82CE1D451E6C0057C54B /* RobotoCondensed-Italic.ttf */ = {isa = PBXFileReference; lastKnownFileType = file; path = "RobotoCondensed-Italic.ttf"; sourceTree = "<group>"; };
		573E82CF1D451E6C0057C54B /* RobotoCondensed-Light.ttf */ = {isa = PBXFileReference; lastKnownFileType = file; path = "RobotoCondensed-Light.ttf"; sourceTree = "<group>"; };
		573E82D01D451E6C0057C54B /* RobotoCondensed-LightItalic.ttf */ = {isa = PBXFileReference; lastKnownFileType = file; path = "RobotoCondensed-LightItalic.ttf"; sourceTree = "<group>"; };
		573E82D11D451E6C0057C54B /* RobotoCondensed-Regular.ttf */ = {isa = PBXFileReference; lastKnownFileType = file; path = "RobotoCondensed-Regular.ttf"; sourceTree = "<group>"; };
		5771B0DE1D452EE70073691E /* Launch Screen.storyboard */ = {isa = PBXFileReference; fileEncoding = 4; lastKnownFileType = file.storyboard; path = "Launch Screen.storyboard"; sourceTree = "<group>"; };
		57F6C4F51D454E2A002F0A92 /* GoogleService-Info.plist */ = {isa = PBXFileReference; fileEncoding = 4; lastKnownFileType = text.plist.xml; path = "GoogleService-Info.plist"; sourceTree = "<group>"; };
		EEBDE0934F141C8DB98AEB6C /* Pods-Tardis.debug.xcconfig */ = {isa = PBXFileReference; includeInIndex = 1; lastKnownFileType = text.xcconfig; name = "Pods-Tardis.debug.xcconfig"; path = "Pods/Target Support Files/Pods-Tardis/Pods-Tardis.debug.xcconfig"; sourceTree = "<group>"; };
		FD1BE9DCA26AAAEA221CAF57 /* Pods_Tardis.framework */ = {isa = PBXFileReference; explicitFileType = wrapper.framework; includeInIndex = 0; path = Pods_Tardis.framework; sourceTree = BUILT_PRODUCTS_DIR; };
/* End PBXFileReference section */

/* Begin PBXFrameworksBuildPhase section */
		573E82921D451DD80057C54B /* Frameworks */ = {
			isa = PBXFrameworksBuildPhase;
			buildActionMask = 2147483647;
			files = (
				C8E5B36E789319EDC6238E2A /* Pods_Tardis.framework in Frameworks */,
			);
			runOnlyForDeploymentPostprocessing = 0;
		};
/* End PBXFrameworksBuildPhase section */

/* Begin PBXGroup section */
		06D6A46B270C439F2C57EC9C /* Frameworks */ = {
			isa = PBXGroup;
			children = (
				FD1BE9DCA26AAAEA221CAF57 /* Pods_Tardis.framework */,
			);
			name = Frameworks;
			sourceTree = "<group>";
		};
		573E828C1D451DD80057C54B = {
			isa = PBXGroup;
			children = (
				573E82971D451DD80057C54B /* Tardis */,
				573E82961D451DD80057C54B /* Products */,
				E25EE821D64D3F566DEF673C /* Pods */,
				06D6A46B270C439F2C57EC9C /* Frameworks */,
			);
			sourceTree = "<group>";
		};
		573E82961D451DD80057C54B /* Products */ = {
			isa = PBXGroup;
			children = (
				573E82951D451DD80057C54B /* Tardis.app */,
			);
			name = Products;
			sourceTree = "<group>";
		};
		573E82971D451DD80057C54B /* Tardis */ = {
			isa = PBXGroup;
			children = (
				573E82AA1D451E210057C54B /* AppDelegate.swift */,
				573E82AB1D451E210057C54B /* Assets.xcassets */,
				573E82AC1D451E210057C54B /* MainViewController.swift */,
				573E82AD1D451E210057C54B /* BlogTableViewController.swift */,
				573E82AE1D451E210057C54B /* PresentedViewController.swift */,
				573E82AF1D451E210057C54B /* Main.storyboard */,
				573E82B01D451E210057C54B /* SideMenuTableView.swift */,
				573E82B11D451E210057C54B /* BlogTableViewCellContent.swift */,
				573E82B21D451E210057C54B /* BlogTableViewCellContent.xib */,
				573E82B31D451E210057C54B /* APPImages.swift */,
				573E82B41D451E210057C54B /* AuthViewController.swift */,
				573E82E71D451E850057C54B /* Supporting Files */,
				5771B0DE1D452EE70073691E /* Launch Screen.storyboard */,
			);
			path = Tardis;
			sourceTree = "<group>";
		};
		573E82E71D451E850057C54B /* Supporting Files */ = {
			isa = PBXGroup;
			children = (
				573E82A41D451DD80057C54B /* Info.plist */,
				573E82C01D451E6C0057C54B /* Roboto-Black.ttf */,
				573E82C11D451E6C0057C54B /* Roboto-BlackItalic.ttf */,
				573E82C21D451E6C0057C54B /* Roboto-Bold.ttf */,
				573E82C31D451E6C0057C54B /* Roboto-BoldItalic.ttf */,
				573E82C41D451E6C0057C54B /* Roboto-Italic.ttf */,
				573E82C51D451E6C0057C54B /* Roboto-Light.ttf */,
				573E82C61D451E6C0057C54B /* Roboto-LightItalic.ttf */,
				573E82C71D451E6C0057C54B /* Roboto-Medium.ttf */,
				573E82C81D451E6C0057C54B /* Roboto-MediumItalic.ttf */,
				573E82C91D451E6C0057C54B /* Roboto-Regular.ttf */,
				573E82CA1D451E6C0057C54B /* Roboto-Thin.ttf */,
				573E82CB1D451E6C0057C54B /* Roboto-ThinItalic.ttf */,
				573E82CC1D451E6C0057C54B /* RobotoCondensed-Bold.ttf */,
				573E82CD1D451E6C0057C54B /* RobotoCondensed-BoldItalic.ttf */,
				573E82CE1D451E6C0057C54B /* RobotoCondensed-Italic.ttf */,
				573E82CF1D451E6C0057C54B /* RobotoCondensed-Light.ttf */,
				573E82D01D451E6C0057C54B /* RobotoCondensed-LightItalic.ttf */,
				573E82D11D451E6C0057C54B /* RobotoCondensed-Regular.ttf */,
				57F6C4F51D454E2A002F0A92 /* GoogleService-Info.plist */,
			);
			name = "Supporting Files";
			sourceTree = "<group>";
		};
		E25EE821D64D3F566DEF673C /* Pods */ = {
			isa = PBXGroup;
			children = (
				EEBDE0934F141C8DB98AEB6C /* Pods-Tardis.debug.xcconfig */,
				146F7BA9E3D633E76DC3D068 /* Pods-Tardis.release.xcconfig */,
			);
			name = Pods;
			sourceTree = "<group>";
		};
/* End PBXGroup section */

/* Begin PBXNativeTarget section */
		573E82941D451DD80057C54B /* Tardis */ = {
			isa = PBXNativeTarget;
			buildConfigurationList = 573E82A71D451DD80057C54B /* Build configuration list for PBXNativeTarget "Tardis" */;
			buildPhases = (
				CD60120EB2E0FECBA21190F0 /* 📦 Check Pods Manifest.lock */,
				573E82911D451DD80057C54B /* Sources */,
				573E82921D451DD80057C54B /* Frameworks */,
				573E82931D451DD80057C54B /* Resources */,
				09265EBAA45E91C9DAB7BAB7 /* 📦 Embed Pods Frameworks */,
				AA5D3B992085CAC06A44A72D /* 📦 Copy Pods Resources */,
			);
			buildRules = (
			);
			dependencies = (
			);
			name = Tardis;
			productName = Tardis;
			productReference = 573E82951D451DD80057C54B /* Tardis.app */;
			productType = "com.apple.product-type.application";
		};
/* End PBXNativeTarget section */

/* Begin PBXProject section */
		573E828D1D451DD80057C54B /* Project object */ = {
			isa = PBXProject;
			attributes = {
				LastSwiftUpdateCheck = 0730;
				LastUpgradeCheck = 0730;
				ORGANIZATIONNAME = "Molnar Kristian";
				TargetAttributes = {
					573E82941D451DD80057C54B = {
						CreatedOnToolsVersion = 7.3.1;
						DevelopmentTeam = EWU83H92V3;
					};
				};
			};
			buildConfigurationList = 573E82901D451DD80057C54B /* Build configuration list for PBXProject "Tardis" */;
			compatibilityVersion = "Xcode 3.2";
			developmentRegion = English;
			hasScannedForEncodings = 0;
			knownRegions = (
				en,
				Base,
			);
			mainGroup = 573E828C1D451DD80057C54B;
			productRefGroup = 573E82961D451DD80057C54B /* Products */;
			projectDirPath = "";
			projectRoot = "";
			targets = (
				573E82941D451DD80057C54B /* Tardis */,
			);
		};
/* End PBXProject section */

/* Begin PBXResourcesBuildPhase section */
		573E82931D451DD80057C54B /* Resources */ = {
			isa = PBXResourcesBuildPhase;
			buildActionMask = 2147483647;
			files = (
				573E82DE1D451E6C0057C54B /* Roboto-ThinItalic.ttf in Resources */,
				573E82DD1D451E6C0057C54B /* Roboto-Thin.ttf in Resources */,
				573E82E31D451E6C0057C54B /* RobotoCondensed-LightItalic.ttf in Resources */,
				573E82B61D451E210057C54B /* Assets.xcassets in Resources */,
				573E82BA1D451E210057C54B /* Main.storyboard in Resources */,
				573E82E01D451E6C0057C54B /* RobotoCondensed-BoldItalic.ttf in Resources */,
				573E82E11D451E6C0057C54B /* RobotoCondensed-Italic.ttf in Resources */,
				573E82D91D451E6C0057C54B /* Roboto-LightItalic.ttf in Resources */,
				573E82D51D451E6C0057C54B /* Roboto-Bold.ttf in Resources */,
				573E82E41D451E6C0057C54B /* RobotoCondensed-Regular.ttf in Resources */,
				573E82E21D451E6C0057C54B /* RobotoCondensed-Light.ttf in Resources */,
				573E82DB1D451E6C0057C54B /* Roboto-MediumItalic.ttf in Resources */,
				573E82D41D451E6C0057C54B /* Roboto-BlackItalic.ttf in Resources */,
				57F6C4F61D454E2A002F0A92 /* GoogleService-Info.plist in Resources */,
				573E82BD1D451E210057C54B /* BlogTableViewCellContent.xib in Resources */,
				573E82D71D451E6C0057C54B /* Roboto-Italic.ttf in Resources */,
				573E82DF1D451E6C0057C54B /* RobotoCondensed-Bold.ttf in Resources */,
				573E82D61D451E6C0057C54B /* Roboto-BoldItalic.ttf in Resources */,
				573E82DA1D451E6C0057C54B /* Roboto-Medium.ttf in Resources */,
				573E82DC1D451E6C0057C54B /* Roboto-Regular.ttf in Resources */,
				573E82D31D451E6C0057C54B /* Roboto-Black.ttf in Resources */,
				5771B0DF1D452EE70073691E /* Launch Screen.storyboard in Resources */,
				573E82D81D451E6C0057C54B /* Roboto-Light.ttf in Resources */,
			);
			runOnlyForDeploymentPostprocessing = 0;
		};
/* End PBXResourcesBuildPhase section */

/* Begin PBXShellScriptBuildPhase section */
		09265EBAA45E91C9DAB7BAB7 /* 📦 Embed Pods Frameworks */ = {
			isa = PBXShellScriptBuildPhase;
			buildActionMask = 2147483647;
			files = (
			);
			inputPaths = (
			);
			name = "📦 Embed Pods Frameworks";
			outputPaths = (
			);
			runOnlyForDeploymentPostprocessing = 0;
			shellPath = /bin/sh;
			shellScript = "\"${SRCROOT}/Pods/Target Support Files/Pods-Tardis/Pods-Tardis-frameworks.sh\"\n";
			showEnvVarsInLog = 0;
		};
		AA5D3B992085CAC06A44A72D /* 📦 Copy Pods Resources */ = {
			isa = PBXShellScriptBuildPhase;
			buildActionMask = 2147483647;
			files = (
			);
			inputPaths = (
			);
			name = "📦 Copy Pods Resources";
			outputPaths = (
			);
			runOnlyForDeploymentPostprocessing = 0;
			shellPath = /bin/sh;
			shellScript = "\"${SRCROOT}/Pods/Target Support Files/Pods-Tardis/Pods-Tardis-resources.sh\"\n";
			showEnvVarsInLog = 0;
		};
		CD60120EB2E0FECBA21190F0 /* 📦 Check Pods Manifest.lock */ = {
			isa = PBXShellScriptBuildPhase;
			buildActionMask = 2147483647;
			files = (
			);
			inputPaths = (
			);
			name = "📦 Check Pods Manifest.lock";
			outputPaths = (
			);
			runOnlyForDeploymentPostprocessing = 0;
			shellPath = /bin/sh;
			shellScript = "diff \"${PODS_ROOT}/../Podfile.lock\" \"${PODS_ROOT}/Manifest.lock\" > /dev/null\nif [[ $? != 0 ]] ; then\n    cat << EOM\nerror: The sandbox is not in sync with the Podfile.lock. Run 'pod install' or update your CocoaPods installation.\nEOM\n    exit 1\nfi\n";
			showEnvVarsInLog = 0;
		};
/* End PBXShellScriptBuildPhase section */

/* Begin PBXSourcesBuildPhase section */
		573E82911D451DD80057C54B /* Sources */ = {
			isa = PBXSourcesBuildPhase;
			buildActionMask = 2147483647;
			files = (
				573E82BB1D451E210057C54B /* SideMenuTableView.swift in Sources */,
				573E82B51D451E210057C54B /* AppDelegate.swift in Sources */,
				573E82B91D451E210057C54B /* PresentedViewController.swift in Sources */,
				573E82BE1D451E210057C54B /* APPImages.swift in Sources */,
				573E82BF1D451E210057C54B /* AuthViewController.swift in Sources */,
				573E82B71D451E210057C54B /* MainViewController.swift in Sources */,
				573E82B81D451E210057C54B /* BlogTableViewController.swift in Sources */,
				573E82BC1D451E210057C54B /* BlogTableViewCellContent.swift in Sources */,
			);
			runOnlyForDeploymentPostprocessing = 0;
		};
/* End PBXSourcesBuildPhase section */

/* Begin XCBuildConfiguration section */
		573E82A51D451DD80057C54B /* Debug */ = {
			isa = XCBuildConfiguration;
			buildSettings = {
				ALWAYS_SEARCH_USER_PATHS = NO;
				CLANG_ANALYZER_NONNULL = YES;
				CLANG_CXX_LANGUAGE_STANDARD = "gnu++0x";
				CLANG_CXX_LIBRARY = "libc++";
				CLANG_ENABLE_MODULES = YES;
				CLANG_ENABLE_OBJC_ARC = YES;
				CLANG_WARN_BOOL_CONVERSION = YES;
				CLANG_WARN_CONSTANT_CONVERSION = YES;
				CLANG_WARN_DIRECT_OBJC_ISA_USAGE = YES_ERROR;
				CLANG_WARN_EMPTY_BODY = YES;
				CLANG_WARN_ENUM_CONVERSION = YES;
				CLANG_WARN_INT_CONVERSION = YES;
				CLANG_WARN_OBJC_ROOT_CLASS = YES_ERROR;
				CLANG_WARN_UNREACHABLE_CODE = YES;
				CLANG_WARN__DUPLICATE_METHOD_MATCH = YES;
				"CODE_SIGN_IDENTITY[sdk=iphoneos*]" = "iPhone Developer";
				COPY_PHASE_STRIP = NO;
				DEBUG_INFORMATION_FORMAT = dwarf;
				ENABLE_STRICT_OBJC_MSGSEND = YES;
				ENABLE_TESTABILITY = YES;
				GCC_C_LANGUAGE_STANDARD = gnu99;
				GCC_DYNAMIC_NO_PIC = NO;
				GCC_NO_COMMON_BLOCKS = YES;
				GCC_OPTIMIZATION_LEVEL = 0;
				GCC_PREPROCESSOR_DEFINITIONS = (
					"DEBUG=1",
					"$(inherited)",
				);
				GCC_WARN_64_TO_32_BIT_CONVERSION = YES;
				GCC_WARN_ABOUT_RETURN_TYPE = YES_ERROR;
				GCC_WARN_UNDECLARED_SELECTOR = YES;
				GCC_WARN_UNINITIALIZED_AUTOS = YES_AGGRESSIVE;
				GCC_WARN_UNUSED_FUNCTION = YES;
				GCC_WARN_UNUSED_VARIABLE = YES;
				IPHONEOS_DEPLOYMENT_TARGET = 9.3;
				MTL_ENABLE_DEBUG_INFO = YES;
				ONLY_ACTIVE_ARCH = YES;
				SDKROOT = iphoneos;
				SWIFT_OPTIMIZATION_LEVEL = "-Onone";
			};
			name = Debug;
		};
		573E82A61D451DD80057C54B /* Release */ = {
			isa = XCBuildConfiguration;
			buildSettings = {
				ALWAYS_SEARCH_USER_PATHS = NO;
				CLANG_ANALYZER_NONNULL = YES;
				CLANG_CXX_LANGUAGE_STANDARD = "gnu++0x";
				CLANG_CXX_LIBRARY = "libc++";
				CLANG_ENABLE_MODULES = YES;
				CLANG_ENABLE_OBJC_ARC = YES;
				CLANG_WARN_BOOL_CONVERSION = YES;
				CLANG_WARN_CONSTANT_CONVERSION = YES;
				CLANG_WARN_DIRECT_OBJC_ISA_USAGE = YES_ERROR;
				CLANG_WARN_EMPTY_BODY = YES;
				CLANG_WARN_ENUM_CONVERSION = YES;
				CLANG_WARN_INT_CONVERSION = YES;
				CLANG_WARN_OBJC_ROOT_CLASS = YES_ERROR;
				CLANG_WARN_UNREACHABLE_CODE = YES;
				CLANG_WARN__DUPLICATE_METHOD_MATCH = YES;
				"CODE_SIGN_IDENTITY[sdk=iphoneos*]" = "iPhone Developer";
				COPY_PHASE_STRIP = NO;
				DEBUG_INFORMATION_FORMAT = "dwarf-with-dsym";
				ENABLE_NS_ASSERTIONS = NO;
				ENABLE_STRICT_OBJC_MSGSEND = YES;
				GCC_C_LANGUAGE_STANDARD = gnu99;
				GCC_NO_COMMON_BLOCKS = YES;
				GCC_WARN_64_TO_32_BIT_CONVERSION = YES;
				GCC_WARN_ABOUT_RETURN_TYPE = YES_ERROR;
				GCC_WARN_UNDECLARED_SELECTOR = YES;
				GCC_WARN_UNINITIALIZED_AUTOS = YES_AGGRESSIVE;
				GCC_WARN_UNUSED_FUNCTION = YES;
				GCC_WARN_UNUSED_VARIABLE = YES;
				IPHONEOS_DEPLOYMENT_TARGET = 9.3;
				MTL_ENABLE_DEBUG_INFO = NO;
				SDKROOT = iphoneos;
				VALIDATE_PRODUCT = YES;
			};
			name = Release;
		};
		573E82A81D451DD80057C54B /* Debug */ = {
			isa = XCBuildConfiguration;
			baseConfigurationReference = EEBDE0934F141C8DB98AEB6C /* Pods-Tardis.debug.xcconfig */;
			buildSettings = {
				ASSETCATALOG_COMPILER_APPICON_NAME = AppIcon;
				CODE_SIGN_IDENTITY = "iPhone Developer";
				INFOPLIST_FILE = Tardis/Info.plist;
				LD_RUNPATH_SEARCH_PATHS = "$(inherited) @executable_path/Frameworks";
				PRODUCT_BUNDLE_IDENTIFIER = ua.org.gdg.devfest;
				PRODUCT_NAME = "$(TARGET_NAME)";
				PROVISIONING_PROFILE = "27467bd2-1e6e-4cb5-971c-c1e6b622002e";
			};
			name = Debug;
		};
		573E82A91D451DD80057C54B /* Release */ = {
			isa = XCBuildConfiguration;
			baseConfigurationReference = 146F7BA9E3D633E76DC3D068 /* Pods-Tardis.release.xcconfig */;
			buildSettings = {
				ASSETCATALOG_COMPILER_APPICON_NAME = AppIcon;
				CODE_SIGN_IDENTITY = "iPhone Developer";
				INFOPLIST_FILE = Tardis/Info.plist;
				LD_RUNPATH_SEARCH_PATHS = "$(inherited) @executable_path/Frameworks";
				PRODUCT_BUNDLE_IDENTIFIER = ua.org.gdg.devfest;
				PRODUCT_NAME = "$(TARGET_NAME)";
				PROVISIONING_PROFILE = "27467bd2-1e6e-4cb5-971c-c1e6b622002e";
			};
			name = Release;
		};
/* End XCBuildConfiguration section */

/* Begin XCConfigurationList section */
		573E82901D451DD80057C54B /* Build configuration list for PBXProject "Tardis" */ = {
			isa = XCConfigurationList;
			buildConfigurations = (
				573E82A51D451DD80057C54B /* Debug */,
				573E82A61D451DD80057C54B /* Release */,
			);
			defaultConfigurationIsVisible = 0;
			defaultConfigurationName = Release;
		};
		573E82A71D451DD80057C54B /* Build configuration list for PBXNativeTarget "Tardis" */ = {
			isa = XCConfigurationList;
			buildConfigurations = (
				573E82A81D451DD80057C54B /* Debug */,
				573E82A91D451DD80057C54B /* Release */,
			);
			defaultConfigurationIsVisible = 0;
			defaultConfigurationName = Release;
		};
/* End XCConfigurationList section */
	};
	rootObject = 573E828D1D451DD80057C54B /* Project object */;
}
